
Microsoft Visual Studio Solution File, Format Version 12.00
# Visual Studio 14
VisualStudioVersion = 14.0.25123.0
MinimumVisualStudioVersion = 10.0.40219.1
Project("{FAE04EC0-301F-11D3-BF4B-00C04F79EFBC}") = "Grainsim", "WpfApplication1\Grainsim.csproj", "{0DABAF31-A24B-4C76-A278-1852D1D77EA3}"
EndProject
Project("{54435603-DBB4-11D2-8724-00A0C9A8B90C}") = "GrainsimSetup", "Setup3\Setup3.vdproj", "{B8ECCF0C-08AF-4A73-9326-E59CD8CEA1D6}"
EndProject
Project("{FAE04EC0-301F-11D3-BF4B-00C04F79EFBC}") = "BSImport", "BSImporter\BSImport.csproj", "{17676CC8-E906-48FC-B864-DD00428765D9}"
EndProject
Project("{FAE04EC0-301F-11D3-BF4B-00C04F79EFBC}") = "GrainbrainClient", "GrainbrainClient\GrainbrainClient.csproj", "{C9DF846D-A4BE-4F65-9522-B454260D7256}"
EndProject
Global
	GlobalSection(SolutionConfigurationPlatforms) = preSolution
		Debug|Any CPU = Debug|Any CPU
		Release|Any CPU = Release|Any CPU
	EndGlobalSection
	GlobalSection(ProjectConfigurationPlatforms) = postSolution
		{0DABAF31-A24B-4C76-A278-1852D1D77EA3}.Debug|Any CPU.ActiveCfg = Debug|Any CPU
		{0DABAF31-A24B-4C76-A278-1852D1D77EA3}.Debug|Any CPU.Build.0 = Debug|Any CPU
		{0DABAF31-A24B-4C76-A278-1852D1D77EA3}.Release|Any CPU.ActiveCfg = Release|Any CPU
		{0DABAF31-A24B-4C76-A278-1852D1D77EA3}.Release|Any CPU.Build.0 = Release|Any CPU
		{B8ECCF0C-08AF-4A73-9326-E59CD8CEA1D6}.Debug|Any CPU.ActiveCfg = Debug
		{B8ECCF0C-08AF-4A73-9326-E59CD8CEA1D6}.Release|Any CPU.ActiveCfg = Release
		{17676CC8-E906-48FC-B864-DD00428765D9}.Debug|Any CPU.ActiveCfg = Debug|Any CPU
		{17676CC8-E906-48FC-B864-DD00428765D9}.Debug|Any CPU.Build.0 = Debug|Any CPU
		{17676CC8-E906-48FC-B864-DD00428765D9}.Release|Any CPU.ActiveCfg = Release|Any CPU
		{17676CC8-E906-48FC-B864-DD00428765D9}.Release|Any CPU.Build.0 = Release|Any CPU
		{C9DF846D-A4BE-4F65-9522-B454260D7256}.Debug|Any CPU.ActiveCfg = Debug|Any CPU
		{C9DF846D-A4BE-4F65-9522-B454260D7256}.Debug|Any CPU.Build.0 = Debug|Any CPU
		{C9DF846D-A4BE-4F65-9522-B454260D7256}.Release|Any CPU.ActiveCfg = Release|Any CPU
		{C9DF846D-A4BE-4F65-9522-B454260D7256}.Release|Any CPU.Build.0 = Release|Any CPU
	EndGlobalSection
	GlobalSection(SolutionProperties) = preSolution
		HideSolutionNode = FALSE
	EndGlobalSection
EndGlobal
